{
  "nodes": {
    "flake-compat": {
      "flake": false,
      "locked": {
        "lastModified": 1673956053,
        "narHash": "sha256-4gtG9iQuiKITOjNQQeQIpoIB6b16fm+504Ch3sNKLd8=",
        "owner": "edolstra",
        "repo": "flake-compat",
        "rev": "35bb57c0c8d8b62bbfd284272c928ceb64ddbde9",
        "type": "github"
      },
      "original": {
        "owner": "edolstra",
        "repo": "flake-compat",
        "type": "github"
      }
    },
    "flake-utils": {
      "locked": {
        "lastModified": 1678901627,
        "narHash": "sha256-U02riOqrKKzwjsxc/400XnElV+UtPUQWpANPlyazjH0=",
        "owner": "numtide",
        "repo": "flake-utils",
        "rev": "93a2b84fc4b70d9e089d029deacc3583435c2ed6",
        "type": "github"
      },
      "original": {
        "owner": "numtide",
        "repo": "flake-utils",
        "type": "github"
      }
    },
    "flake-utils_2": {
      "locked": {
        "lastModified": 1659877975,
        "narHash": "sha256-zllb8aq3YO3h8B/U0/J1WBgAL8EX5yWf5pMj3G0NAmc=",
        "owner": "numtide",
        "repo": "flake-utils",
        "rev": "c0e246b9b83f637f4681389ecabcb2681b4f3af0",
        "type": "github"
      },
      "original": {
        "owner": "numtide",
        "repo": "flake-utils",
        "type": "github"
      }
    },
    "nixpkgs": {
      "locked": {
        "lastModified": 1679944645,
        "narHash": "sha256-e5Qyoe11UZjVfgRfwNoSU57ZeKuEmjYb77B9IVW7L/M=",
        "owner": "NixOS",
        "repo": "nixpkgs",
        "rev": "4bb072f0a8b267613c127684e099a70e1f6ff106",
        "type": "github"
      },
      "original": {
        "owner": "NixOS",
        "ref": "nixos-unstable",
        "repo": "nixpkgs",
        "type": "github"
      }
    },
    "nixpkgs_2": {
      "locked": {
        "lastModified": 1661151577,
        "narHash": "sha256-++S0TuJtuz9IpqP8rKktWyHZKpgdyrzDFUXVY07MTRI=",
        "owner": "NixOS",
        "repo": "nixpkgs",
        "rev": "54060e816971276da05970a983487a25810c38a7",
        "type": "github"
      },
      "original": {
        "owner": "NixOS",
        "ref": "nixpkgs-unstable",
        "repo": "nixpkgs",
        "type": "github"
      }
    },
    "root": {
      "inputs": {
        "flake-utils": "flake-utils",
        "nixpkgs": "nixpkgs",
        "zig": "zig"
      }
    },
    "zig": {
      "inputs": {
        "flake-compat": "flake-compat",
        "flake-utils": "flake-utils_2",
        "nixpkgs": "nixpkgs_2"
      },
      "locked": {
        "lastModified": 1680005360,
        "narHash": "sha256-qzfJ7dMxfAHe2nL2ZieXbf4S0ewyMXvGDMyvFltXjHE=",
        "owner": "mitchellh",
        "repo": "zig-overlay",
        "rev": "27ebe748de95790d79e4358236ca313d56b65c65",
        "type": "github"
      },
      "original": {
        "owner": "mitchellh",
        "repo": "zig-overlay",
        "type": "github"
      }
    }
  },
  "root": "root",
  "version": 7
}
