git https://github.com/vrischmann/zig-sqlite.git master sqlite.zig 7df239cbf107e0484f844767e3f46412ad6eabb9
git https://github.com/frmdstryr/zig-datetime.git master src/main.zig 9a49593d971cc2204741592e579a6d403e06d468
git https://github.com/Vexu/zuri.git master src/zuri.zig d5cce7e58c07506d620cec31e5e43c81ae31f21b
git https://github.com/ziglibs/known-folders.git master known-folders.zig 9db1b99219c767d5e24994b1525273fe4031e464
git https://github.com/Luukdegram/apple_pie.git 55b25cf50018fe314606765ca984a0a841743eb5 src/apple_pie.zig 55b25cf50018fe314606765ca984a0a841743eb5
git https://github.com/mattnite/zig-mbedtls.git main mbedtls.zig a4f5357ca74a7d8586f9464580a0e860ab119e78
git https://github.com/mattnite/zig-libssh2.git main libssh2.zig b5472a817a2b363565c984a3b3d5715b4a519a3f
git https://github.com/mattnite/zig-zlib.git main zlib.zig eca7a5ba547ccf032f2094e2d4e7b1d61520e5eb
git https://github.com/mattnite/zig-libcurl.git main libcurl.zig f1f316dc2dcd219fe9ad48e91812bc176f64dfe0
