git https://github.com/vrischmann/zig-sqlite.git master sqlite.zig b77453146b36299ace10da06f2d54264e0b3d376
git https://github.com/frmdstryr/zig-datetime.git master src/main.zig 901a7e25df59b82aec0448b1274dda758de03831
git https://github.com/Vexu/zuri.git master src/zuri.zig d5cce7e58c07506d620cec31e5e43c81ae31f21b
