2
git https://github.com/vrischmann/zig-sqlite commit-f32017ea460d00f0dd3ac134f64131a1dab93b44
git https://github.com/frmdstryr/zig-datetime commit-9a49593d971cc2204741592e579a6d403e06d468
git https://github.com/Vexu/zuri commit-d5cce7e58c07506d620cec31e5e43c81ae31f21b
git https://github.com/ziglibs/known-folders commit-9db1b99219c767d5e24994b1525273fe4031e464
